<?xml version="1.0" encoding="utf-8"?>
<Project ToolsVersion="4.0" xmlns="http://schemas.microsoft.com/developer/msbuild/2003">
  <ItemGroup>
    <Filter Include="Source Files">
      <UniqueIdentifier>{13ad4179-ae30-45fa-b41d-43a3877ec129}</UniqueIdentifier>
      <Extensions>cpp;c;cxx;rc;def;r;odl;idl;hpj;bat</Extensions>
    </Filter>
    <Filter Include="Source Files\database">
      <UniqueIdentifier>{3fd103ce-dbd0-4e20-a576-5f331f9841c8}</UniqueIdentifier>
    </Filter>
    <Filter Include="Resource Files">
      <UniqueIdentifier>{c1df5215-b2b7-44c7-a42f-2ac6124bbc38}</UniqueIdentifier>
      <Extensions>ico;cur;bmp;dlg;rc2;rct;bin;rgs;gif;jpg;jpeg;jpe</Extensions>
    </Filter>
    <Filter Include="Source Files\neuralNet">
      <UniqueIdentifier>{ed6c9bb3-11bc-4772-bde3-269d54f3fc5f}</UniqueIdentifier>
    </Filter>
    <Filter Include="Source Files\search">
      <UniqueIdentifier>{38e71b13-3c67-47d2-ba02-eb2c07a26232}</UniqueIdentifier>
    </Filter>
    <Filter Include="Source Files\gui">
      <UniqueIdentifier>{caf9ddf2-85bb-462f-8bd7-a166ddbb2e90}</UniqueIdentifier>
    </Filter>
    <Filter Include="Source Files\learning">
      <UniqueIdentifier>{be471712-80db-4c3e-a84e-064ad626cfc8}</UniqueIdentifier>
    </Filter>
    <Filter Include="Source Files\moves">
      <UniqueIdentifier>{4d0c2e83-8a3f-47e1-af62-5d18c161ce45}</UniqueIdentifier>
    </Filter>
    <Filter Include="Source Files\interface">
      <UniqueIdentifier>{c660f4a2-8b9d-4ab2-9c0b-f3eaa870d36c}</UniqueIdentifier>
    </Filter>
    <Filter Include="Source Files\board">
      <UniqueIdentifier>{2b86a21e-04d9-4292-b0ca-b8be9f9cbf30}</UniqueIdentifier>
    </Filter>
  </ItemGroup>
  <ItemGroup>
    <ClCompile Include="database.cpp">
      <Filter>Source Files\database</Filter>
    </ClCompile>
    <ClCompile Include="edDatabase.cpp">
      <Filter>Source Files\database</Filter>
    </ClCompile>
    <ClCompile Include="NeuralNet\NeuralNet.cpp">
      <Filter>Source Files\neuralNet</Filter>
    </ClCompile>
    <ClCompile Include="openingBook.cpp">
      <Filter>Source Files\database</Filter>
    </ClCompile>
    <ClCompile Include="checkersNN.cpp">
      <Filter>Source Files\neuralNet</Filter>
    </ClCompile>
    <ClCompile Include="search.cpp">
      <Filter>Source Files\search</Filter>
    </ClCompile>
    <ClCompile Include="learning.cpp">
      <Filter>Source Files\learning</Filter>
    </ClCompile>
    <ClCompile Include="transcript.cpp">
      <Filter>Source Files\moves</Filter>
    </ClCompile>
    <ClCompile Include="movegen.cpp">
      <Filter>Source Files\moves</Filter>
    </ClCompile>
    <ClCompile Include="registry.cpp">
      <Filter>Source Files\interface</Filter>
    </ClCompile>
    <ClCompile Include="evaluate.cpp">
      <Filter>Source Files\board</Filter>
    </ClCompile>
    <ClCompile Include="guiWindows.cpp">
      <Filter>Source Files\gui</Filter>
    </ClCompile>
    <ClCompile Include="gui_cb_interface.cpp">
      <Filter>Source Files\interface</Filter>
    </ClCompile>
    <ClCompile Include="engine.cpp">
      <Filter>Source Files</Filter>
    </ClCompile>
    <ClCompile Include="board.cpp">
      <Filter>Source Files\board</Filter>
    </ClCompile>
    <ClCompile Include="checkersGui.cpp">
      <Filter>Source Files\gui</Filter>
    </ClCompile>
    <ClCompile Include="kr_db.cpp">
      <Filter>Source Files\database</Filter>
    </ClCompile>
    <ClCompile Include="kr_db_stubs.cpp">
      <Filter>Source Files\database</Filter>
    </ClCompile>
  </ItemGroup>
  <ItemGroup>
    <ClInclude Include="NeuralNet\mathSimd.h">
      <Filter>Source Files\neuralNet</Filter>
    </ClInclude>
    <ClInclude Include="NeuralNet\NeuralNet.h">
      <Filter>Source Files\neuralNet</Filter>
    </ClInclude>
    <ClInclude Include="checkersNN.h">
      <Filter>Source Files\neuralNet</Filter>
    </ClInclude>
    <ClInclude Include="endgameDatabase.h">
      <Filter>Source Files\database</Filter>
    </ClInclude>
    <ClInclude Include="defines.h">
      <Filter>Source Files</Filter>
    </ClInclude>
    <ClInclude Include="transpositionTable.h">
      <Filter>Source Files\search</Filter>
    </ClInclude>
    <ClInclude Include="history.h">
      <Filter>Source Files\search</Filter>
    </ClInclude>
    <ClInclude Include="search.h">
      <Filter>Source Files\search</Filter>
    </ClInclude>
    <ClInclude Include="openingBook.h">
      <Filter>Source Files\database</Filter>
    </ClInclude>
    <ClInclude Include="learning.h">
      <Filter>Source Files\learning</Filter>
    </ClInclude>
    <ClInclude Include="moveGen.h">
      <Filter>Source Files\moves</Filter>
    </ClInclude>
    <ClInclude Include="transcript.h">
      <Filter>Source Files\moves</Filter>
    </ClInclude>
    <ClInclude Include="cb_interface.h">
      <Filter>Source Files\interface</Filter>
    </ClInclude>
    <ClInclude Include="registry.h">
      <Filter>Source Files\interface</Filter>
    </ClInclude>
    <ClInclude Include="board.h">
      <Filter>Source Files\board</Filter>
    </ClInclude>
    <ClInclude Include="resource.h">
      <Filter>Source Files\gui</Filter>
    </ClInclude>
    <ClInclude Include="engine.h">
      <Filter>Source Files</Filter>
    </ClInclude>
    <ClInclude Include="guiWindows.h">
      <Filter>Source Files\gui</Filter>
    </ClInclude>
    <ClInclude Include="uncompress.h">
      <Filter>Source Files\database</Filter>
    </ClInclude>
    <ClInclude Include="checkersGui.h">
      <Filter>Source Files\gui</Filter>
    </ClInclude>
    <ClInclude Include="egdb.h">
      <Filter>Source Files\database</Filter>
    </ClInclude>
    <ClInclude Include="kr_db.h">
      <Filter>Source Files\database</Filter>
    </ClInclude>
  </ItemGroup>
  <ItemGroup>
    <ResourceCompile Include="guiCheck.rc">
      <Filter>Resource Files</Filter>
    </ResourceCompile>
  </ItemGroup>
  <ItemGroup>
    <None Include="guiCheckers.def">
      <Filter>Source Files</Filter>
    </None>
  </ItemGroup>
  <ItemGroup>
    <Image Include="imgs\Bsquare.bmp">
      <Filter>Resource Files</Filter>
    </Image>
    <Image Include="imgs\checkers.ico">
      <Filter>Resource Files</Filter>
    </Image>
    <Image Include="imgs\Rcheck.bmp">
      <Filter>Resource Files</Filter>
    </Image>
    <Image Include="imgs\Rking.bmp">
      <Filter>Resource Files</Filter>
    </Image>
    <Image Include="imgs\Wcheck.bmp">
      <Filter>Resource Files</Filter>
    </Image>
    <Image Include="imgs\Wking.bmp">
      <Filter>Resource Files</Filter>
    </Image>
    <Image Include="imgs\Wsquare.bmp">
      <Filter>Resource Files</Filter>
    </Image>
    <Image Include="..\imgs\Wsquare.bmp">
      <Filter>Resource Files</Filter>
    </Image>
    <Image Include="..\imgs\Bsquare.bmp">
      <Filter>Resource Files</Filter>
    </Image>
    <Image Include="..\imgs\Rcheck.bmp">
      <Filter>Resource Files</Filter>
    </Image>
    <Image Include="..\imgs\Wcheck.bmp">
      <Filter>Resource Files</Filter>
    </Image>
    <Image Include="..\imgs\Wking.bmp">
      <Filter>Resource Files</Filter>
    </Image>
    <Image Include="..\imgs\Rking.bmp">
      <Filter>Resource Files</Filter>
    </Image>
    <Image Include="..\imgs\checkers.ico">
      <Filter>Resource Files</Filter>
    </Image>
  </ItemGroup>
</Project>